// !$*UTF8*$!
{
	archiveVersion = 1;
	classes = {
	};
	objectVersion = 46;
	objects = {

/* Begin PBXBuildFile section */
		111A508C1F285C270077FE90 /* FavoriteToggleCellView.swift in Sources */ = {isa = PBXBuildFile; fileRef = 111A508B1F285C270077FE90 /* FavoriteToggleCellView.swift */; };
		111A50901F2865FF0077FE90 /* Settings.plist in Resources */ = {isa = PBXBuildFile; fileRef = 111A508F1F2865FF0077FE90 /* Settings.plist */; };
		1181FD49254A778E00E089B1 /* Notification.Name+.swift in Sources */ = {isa = PBXBuildFile; fileRef = 1181FD48254A778E00E089B1 /* Notification.Name+.swift */; };
		1181FD4E254A819000E089B1 /* NSWindow+.swift in Sources */ = {isa = PBXBuildFile; fileRef = 1181FD4D254A819000E089B1 /* NSWindow+.swift */; };
		118942B4254A8F6F0009EBA0 /* Favorite.swift in Sources */ = {isa = PBXBuildFile; fileRef = 118942B3254A8F6F0009EBA0 /* Favorite.swift */; };
		118942B7254B80430009EBA0 /* NSTableView+.swift in Sources */ = {isa = PBXBuildFile; fileRef = 118942B6254B80430009EBA0 /* NSTableView+.swift */; };
		118942BA254BCB3A0009EBA0 /* RemoveFavoriteTableCellView.swift in Sources */ = {isa = PBXBuildFile; fileRef = 118942B9254BCB3A0009EBA0 /* RemoveFavoriteTableCellView.swift */; };
		11C4AB39254A85F600C2A9DF /* FavoritesViewController.swift in Sources */ = {isa = PBXBuildFile; fileRef = 11C4AB38254A85F600C2A9DF /* FavoritesViewController.swift */; };
		11C4AB3E254A8BC600C2A9DF /* FavoritesWindowController.swift in Sources */ = {isa = PBXBuildFile; fileRef = 11C4AB3D254A8BC600C2A9DF /* FavoritesWindowController.swift */; };
		11EFD8461F25D43700A225DD /* AppDelegate.swift in Sources */ = {isa = PBXBuildFile; fileRef = 11EFD8451F25D43700A225DD /* AppDelegate.swift */; };
		11EFD84A1F25D43700A225DD /* Assets.xcassets in Resources */ = {isa = PBXBuildFile; fileRef = 11EFD8491F25D43700A225DD /* Assets.xcassets */; };
		11EFD84D1F25D43700A225DD /* Main.storyboard in Resources */ = {isa = PBXBuildFile; fileRef = 11EFD84B1F25D43700A225DD /* Main.storyboard */; };
		11EFD8551F25D5CD00A225DD /* VolumesController.swift in Sources */ = {isa = PBXBuildFile; fileRef = 11EFD8541F25D5CD00A225DD /* VolumesController.swift */; };
		11EFD8571F25D69000A225DD /* VolumesWindowController.swift in Sources */ = {isa = PBXBuildFile; fileRef = 11EFD8561F25D69000A225DD /* VolumesWindowController.swift */; };
		11EFD8591F25D84000A225DD /* Volume.swift in Sources */ = {isa = PBXBuildFile; fileRef = 11EFD8581F25D84000A225DD /* Volume.swift */; };
/* End PBXBuildFile section */

/* Begin PBXFileReference section */
		111A508B1F285C270077FE90 /* FavoriteToggleCellView.swift */ = {isa = PBXFileReference; lastKnownFileType = sourcecode.swift; path = FavoriteToggleCellView.swift; sourceTree = "<group>"; };
		111A508F1F2865FF0077FE90 /* Settings.plist */ = {isa = PBXFileReference; lastKnownFileType = text.plist.xml; path = Settings.plist; sourceTree = "<group>"; };
		1181FD48254A778E00E089B1 /* Notification.Name+.swift */ = {isa = PBXFileReference; lastKnownFileType = sourcecode.swift; path = "Notification.Name+.swift"; sourceTree = "<group>"; };
		1181FD4D254A819000E089B1 /* NSWindow+.swift */ = {isa = PBXFileReference; lastKnownFileType = sourcecode.swift; path = "NSWindow+.swift"; sourceTree = "<group>"; };
		118942B3254A8F6F0009EBA0 /* Favorite.swift */ = {isa = PBXFileReference; lastKnownFileType = sourcecode.swift; path = Favorite.swift; sourceTree = "<group>"; };
		118942B6254B80430009EBA0 /* NSTableView+.swift */ = {isa = PBXFileReference; lastKnownFileType = sourcecode.swift; path = "NSTableView+.swift"; sourceTree = "<group>"; };
		118942B9254BCB3A0009EBA0 /* RemoveFavoriteTableCellView.swift */ = {isa = PBXFileReference; lastKnownFileType = sourcecode.swift; path = RemoveFavoriteTableCellView.swift; sourceTree = "<group>"; };
		11C4AB38254A85F600C2A9DF /* FavoritesViewController.swift */ = {isa = PBXFileReference; lastKnownFileType = sourcecode.swift; path = FavoritesViewController.swift; sourceTree = "<group>"; };
		11C4AB3D254A8BC600C2A9DF /* FavoritesWindowController.swift */ = {isa = PBXFileReference; lastKnownFileType = sourcecode.swift; path = FavoritesWindowController.swift; sourceTree = "<group>"; };
		11DD8FE51F2957B600747F4C /* EjectBar.entitlements */ = {isa = PBXFileReference; lastKnownFileType = text.plist.entitlements; path = EjectBar.entitlements; sourceTree = "<group>"; };
		11EFD8421F25D43700A225DD /* EjectBar.app */ = {isa = PBXFileReference; explicitFileType = wrapper.application; includeInIndex = 0; path = EjectBar.app; sourceTree = BUILT_PRODUCTS_DIR; };
		11EFD8451F25D43700A225DD /* AppDelegate.swift */ = {isa = PBXFileReference; lastKnownFileType = sourcecode.swift; path = AppDelegate.swift; sourceTree = "<group>"; };
		11EFD8491F25D43700A225DD /* Assets.xcassets */ = {isa = PBXFileReference; lastKnownFileType = folder.assetcatalog; path = Assets.xcassets; sourceTree = "<group>"; };
		11EFD84C1F25D43700A225DD /* Base */ = {isa = PBXFileReference; lastKnownFileType = file.storyboard; name = Base; path = Base.lproj/Main.storyboard; sourceTree = "<group>"; };
		11EFD84E1F25D43700A225DD /* Info.plist */ = {isa = PBXFileReference; lastKnownFileType = text.plist.xml; path = Info.plist; sourceTree = "<group>"; };
		11EFD8541F25D5CD00A225DD /* VolumesController.swift */ = {isa = PBXFileReference; fileEncoding = 4; lastKnownFileType = sourcecode.swift; path = VolumesController.swift; sourceTree = "<group>"; };
		11EFD8561F25D69000A225DD /* VolumesWindowController.swift */ = {isa = PBXFileReference; fileEncoding = 4; lastKnownFileType = sourcecode.swift; path = VolumesWindowController.swift; sourceTree = "<group>"; };
		11EFD8581F25D84000A225DD /* Volume.swift */ = {isa = PBXFileReference; fileEncoding = 4; lastKnownFileType = sourcecode.swift; path = Volume.swift; sourceTree = "<group>"; };
/* End PBXFileReference section */

/* Begin PBXFrameworksBuildPhase section */
		11EFD83F1F25D43700A225DD /* Frameworks */ = {
			isa = PBXFrameworksBuildPhase;
			buildActionMask = 2147483647;
			files = (
			);
			runOnlyForDeploymentPostprocessing = 0;
		};
/* End PBXFrameworksBuildPhase section */

/* Begin PBXGroup section */
		111A50911F2903020077FE90 /* Supporting Files */ = {
			isa = PBXGroup;
			children = (
				111A508F1F2865FF0077FE90 /* Settings.plist */,
			);
			path = "Supporting Files";
			sourceTree = "<group>";
		};
		111A50921F2903160077FE90 /* Controllers */ = {
			isa = PBXGroup;
			children = (
				11EFD8561F25D69000A225DD /* VolumesWindowController.swift */,
				11EFD8541F25D5CD00A225DD /* VolumesController.swift */,
				11C4AB38254A85F600C2A9DF /* FavoritesViewController.swift */,
				11C4AB3D254A8BC600C2A9DF /* FavoritesWindowController.swift */,
			);
			path = Controllers;
			sourceTree = "<group>";
		};
		111A50931F29032D0077FE90 /* Classes */ = {
			isa = PBXGroup;
			children = (
				11EFD8581F25D84000A225DD /* Volume.swift */,
				118942B3254A8F6F0009EBA0 /* Favorite.swift */,
			);
			path = Classes;
			sourceTree = "<group>";
		};
		111A50941F29033B0077FE90 /* Cells */ = {
			isa = PBXGroup;
			children = (
				111A508B1F285C270077FE90 /* FavoriteToggleCellView.swift */,
				118942B9254BCB3A0009EBA0 /* RemoveFavoriteTableCellView.swift */,
			);
			path = Cells;
			sourceTree = "<group>";
		};
		1181FD4C254A818400E089B1 /* Extensions */ = {
			isa = PBXGroup;
			children = (
				1181FD48254A778E00E089B1 /* Notification.Name+.swift */,
				1181FD4D254A819000E089B1 /* NSWindow+.swift */,
				118942B6254B80430009EBA0 /* NSTableView+.swift */,
			);
			path = Extensions;
			sourceTree = "<group>";
		};
		11EFD8391F25D43600A225DD = {
			isa = PBXGroup;
			children = (
				11EFD8441F25D43700A225DD /* EjectBar */,
				11EFD8431F25D43700A225DD /* Products */,
			);
			sourceTree = "<group>";
		};
		11EFD8431F25D43700A225DD /* Products */ = {
			isa = PBXGroup;
			children = (
				11EFD8421F25D43700A225DD /* EjectBar.app */,
			);
			name = Products;
			sourceTree = "<group>";
		};
		11EFD8441F25D43700A225DD /* EjectBar */ = {
			isa = PBXGroup;
			children = (
				11EFD8451F25D43700A225DD /* AppDelegate.swift */,
				11EFD8491F25D43700A225DD /* Assets.xcassets */,
				111A50941F29033B0077FE90 /* Cells */,
				111A50931F29032D0077FE90 /* Classes */,
				111A50921F2903160077FE90 /* Controllers */,
				11DD8FE51F2957B600747F4C /* EjectBar.entitlements */,
				1181FD4C254A818400E089B1 /* Extensions */,
				11EFD84E1F25D43700A225DD /* Info.plist */,
				11EFD84B1F25D43700A225DD /* Main.storyboard */,
				111A50911F2903020077FE90 /* Supporting Files */,
			);
			path = EjectBar;
			sourceTree = "<group>";
		};
/* End PBXGroup section */

/* Begin PBXNativeTarget section */
		11EFD8411F25D43700A225DD /* EjectBar */ = {
			isa = PBXNativeTarget;
			buildConfigurationList = 11EFD8511F25D43700A225DD /* Build configuration list for PBXNativeTarget "EjectBar" */;
			buildPhases = (
				11EFD83E1F25D43700A225DD /* Sources */,
				11EFD83F1F25D43700A225DD /* Frameworks */,
				11EFD8401F25D43700A225DD /* Resources */,
			);
			buildRules = (
			);
			dependencies = (
			);
			name = EjectBar;
			productName = EjectBar;
			productReference = 11EFD8421F25D43700A225DD /* EjectBar.app */;
			productType = "com.apple.product-type.application";
		};
/* End PBXNativeTarget section */

/* Begin PBXProject section */
		11EFD83A1F25D43600A225DD /* Project object */ = {
			isa = PBXProject;
			attributes = {
				LastSwiftUpdateCheck = 0830;
				LastUpgradeCheck = 1210;
				ORGANIZATIONNAME = "Bradley Bernard";
				TargetAttributes = {
					11EFD8411F25D43700A225DD = {
						CreatedOnToolsVersion = 8.3.3;
						DevelopmentTeam = RMJV5R42F5;
						ProvisioningStyle = Automatic;
						SystemCapabilities = {
							com.apple.Sandbox = {
								enabled = 1;
							};
						};
					};
				};
			};
			buildConfigurationList = 11EFD83D1F25D43600A225DD /* Build configuration list for PBXProject "EjectBar" */;
			compatibilityVersion = "Xcode 3.2";
			developmentRegion = en;
			hasScannedForEncodings = 0;
			knownRegions = (
				en,
				Base,
			);
			mainGroup = 11EFD8391F25D43600A225DD;
			productRefGroup = 11EFD8431F25D43700A225DD /* Products */;
			projectDirPath = "";
			projectRoot = "";
			targets = (
				11EFD8411F25D43700A225DD /* EjectBar */,
			);
		};
/* End PBXProject section */

/* Begin PBXResourcesBuildPhase section */
		11EFD8401F25D43700A225DD /* Resources */ = {
			isa = PBXResourcesBuildPhase;
			buildActionMask = 2147483647;
			files = (
				11EFD84A1F25D43700A225DD /* Assets.xcassets in Resources */,
				11EFD84D1F25D43700A225DD /* Main.storyboard in Resources */,
				111A50901F2865FF0077FE90 /* Settings.plist in Resources */,
			);
			runOnlyForDeploymentPostprocessing = 0;
		};
/* End PBXResourcesBuildPhase section */

/* Begin PBXSourcesBuildPhase section */
		11EFD83E1F25D43700A225DD /* Sources */ = {
			isa = PBXSourcesBuildPhase;
			buildActionMask = 2147483647;
			files = (
				11EFD8461F25D43700A225DD /* AppDelegate.swift in Sources */,
				1181FD4E254A819000E089B1 /* NSWindow+.swift in Sources */,
				11C4AB39254A85F600C2A9DF /* FavoritesViewController.swift in Sources */,
				118942B7254B80430009EBA0 /* NSTableView+.swift in Sources */,
				111A508C1F285C270077FE90 /* FavoriteToggleCellView.swift in Sources */,
				11C4AB3E254A8BC600C2A9DF /* FavoritesWindowController.swift in Sources */,
				118942B4254A8F6F0009EBA0 /* Favorite.swift in Sources */,
				11EFD8571F25D69000A225DD /* VolumesWindowController.swift in Sources */,
				11EFD8551F25D5CD00A225DD /* VolumesController.swift in Sources */,
				1181FD49254A778E00E089B1 /* Notification.Name+.swift in Sources */,
				11EFD8591F25D84000A225DD /* Volume.swift in Sources */,
				118942BA254BCB3A0009EBA0 /* RemoveFavoriteTableCellView.swift in Sources */,
			);
			runOnlyForDeploymentPostprocessing = 0;
		};
/* End PBXSourcesBuildPhase section */

/* Begin PBXVariantGroup section */
		11EFD84B1F25D43700A225DD /* Main.storyboard */ = {
			isa = PBXVariantGroup;
			children = (
				11EFD84C1F25D43700A225DD /* Base */,
			);
			name = Main.storyboard;
			sourceTree = "<group>";
		};
/* End PBXVariantGroup section */

/* Begin XCBuildConfiguration section */
		11EFD84F1F25D43700A225DD /* Debug */ = {
			isa = XCBuildConfiguration;
			buildSettings = {
				ALWAYS_SEARCH_USER_PATHS = NO;
				CLANG_ANALYZER_NONNULL = YES;
				CLANG_ANALYZER_NUMBER_OBJECT_CONVERSION = YES_AGGRESSIVE;
				CLANG_CXX_LANGUAGE_STANDARD = "gnu++0x";
				CLANG_CXX_LIBRARY = "libc++";
				CLANG_ENABLE_MODULES = YES;
				CLANG_ENABLE_OBJC_ARC = YES;
				CLANG_WARN_BLOCK_CAPTURE_AUTORELEASING = YES;
				CLANG_WARN_BOOL_CONVERSION = YES;
				CLANG_WARN_COMMA = YES;
				CLANG_WARN_CONSTANT_CONVERSION = YES;
				CLANG_WARN_DEPRECATED_OBJC_IMPLEMENTATIONS = YES;
				CLANG_WARN_DIRECT_OBJC_ISA_USAGE = YES_ERROR;
				CLANG_WARN_DOCUMENTATION_COMMENTS = YES;
				CLANG_WARN_EMPTY_BODY = YES;
				CLANG_WARN_ENUM_CONVERSION = YES;
				CLANG_WARN_INFINITE_RECURSION = YES;
				CLANG_WARN_INT_CONVERSION = YES;
				CLANG_WARN_NON_LITERAL_NULL_CONVERSION = YES;
				CLANG_WARN_OBJC_IMPLICIT_RETAIN_SELF = YES;
				CLANG_WARN_OBJC_LITERAL_CONVERSION = YES;
				CLANG_WARN_OBJC_ROOT_CLASS = YES_ERROR;
				CLANG_WARN_QUOTED_INCLUDE_IN_FRAMEWORK_HEADER = YES;
				CLANG_WARN_RANGE_LOOP_ANALYSIS = YES;
				CLANG_WARN_STRICT_PROTOTYPES = YES;
				CLANG_WARN_SUSPICIOUS_MOVE = YES;
				CLANG_WARN_UNREACHABLE_CODE = YES;
				CLANG_WARN__DUPLICATE_METHOD_MATCH = YES;
				CODE_SIGN_IDENTITY = "-";
				COPY_PHASE_STRIP = NO;
				DEBUG_INFORMATION_FORMAT = dwarf;
				ENABLE_STRICT_OBJC_MSGSEND = YES;
				ENABLE_TESTABILITY = YES;
				GCC_C_LANGUAGE_STANDARD = gnu99;
				GCC_DYNAMIC_NO_PIC = NO;
				GCC_NO_COMMON_BLOCKS = YES;
				GCC_OPTIMIZATION_LEVEL = 0;
				GCC_PREPROCESSOR_DEFINITIONS = (
					"DEBUG=1",
					"$(inherited)",
				);
				GCC_WARN_64_TO_32_BIT_CONVERSION = YES;
				GCC_WARN_ABOUT_RETURN_TYPE = YES_ERROR;
				GCC_WARN_UNDECLARED_SELECTOR = YES;
				GCC_WARN_UNINITIALIZED_AUTOS = YES_AGGRESSIVE;
				GCC_WARN_UNUSED_FUNCTION = YES;
				GCC_WARN_UNUSED_VARIABLE = YES;
				MACOSX_DEPLOYMENT_TARGET = 10.12;
				MTL_ENABLE_DEBUG_INFO = YES;
				ONLY_ACTIVE_ARCH = YES;
				SDKROOT = macosx;
				SWIFT_ACTIVE_COMPILATION_CONDITIONS = DEBUG;
				SWIFT_OPTIMIZATION_LEVEL = "-Onone";
			};
			name = Debug;
		};
		11EFD8501F25D43700A225DD /* Release */ = {
			isa = XCBuildConfiguration;
			buildSettings = {
				ALWAYS_SEARCH_USER_PATHS = NO;
				CLANG_ANALYZER_NONNULL = YES;
				CLANG_ANALYZER_NUMBER_OBJECT_CONVERSION = YES_AGGRESSIVE;
				CLANG_CXX_LANGUAGE_STANDARD = "gnu++0x";
				CLANG_CXX_LIBRARY = "libc++";
				CLANG_ENABLE_MODULES = YES;
				CLANG_ENABLE_OBJC_ARC = YES;
				CLANG_WARN_BLOCK_CAPTURE_AUTORELEASING = YES;
				CLANG_WARN_BOOL_CONVERSION = YES;
				CLANG_WARN_COMMA = YES;
				CLANG_WARN_CONSTANT_CONVERSION = YES;
				CLANG_WARN_DEPRECATED_OBJC_IMPLEMENTATIONS = YES;
				CLANG_WARN_DIRECT_OBJC_ISA_USAGE = YES_ERROR;
				CLANG_WARN_DOCUMENTATION_COMMENTS = YES;
				CLANG_WARN_EMPTY_BODY = YES;
				CLANG_WARN_ENUM_CONVERSION = YES;
				CLANG_WARN_INFINITE_RECURSION = YES;
				CLANG_WARN_INT_CONVERSION = YES;
				CLANG_WARN_NON_LITERAL_NULL_CONVERSION = YES;
				CLANG_WARN_OBJC_IMPLICIT_RETAIN_SELF = YES;
				CLANG_WARN_OBJC_LITERAL_CONVERSION = YES;
				CLANG_WARN_OBJC_ROOT_CLASS = YES_ERROR;
				CLANG_WARN_QUOTED_INCLUDE_IN_FRAMEWORK_HEADER = YES;
				CLANG_WARN_RANGE_LOOP_ANALYSIS = YES;
				CLANG_WARN_STRICT_PROTOTYPES = YES;
				CLANG_WARN_SUSPICIOUS_MOVE = YES;
				CLANG_WARN_UNREACHABLE_CODE = YES;
				CLANG_WARN__DUPLICATE_METHOD_MATCH = YES;
				CODE_SIGN_IDENTITY = "-";
				COPY_PHASE_STRIP = NO;
				DEBUG_INFORMATION_FORMAT = "dwarf-with-dsym";
				ENABLE_NS_ASSERTIONS = NO;
				ENABLE_STRICT_OBJC_MSGSEND = YES;
				GCC_C_LANGUAGE_STANDARD = gnu99;
				GCC_NO_COMMON_BLOCKS = YES;
				GCC_WARN_64_TO_32_BIT_CONVERSION = YES;
				GCC_WARN_ABOUT_RETURN_TYPE = YES_ERROR;
				GCC_WARN_UNDECLARED_SELECTOR = YES;
				GCC_WARN_UNINITIALIZED_AUTOS = YES_AGGRESSIVE;
				GCC_WARN_UNUSED_FUNCTION = YES;
				GCC_WARN_UNUSED_VARIABLE = YES;
				MACOSX_DEPLOYMENT_TARGET = 10.12;
				MTL_ENABLE_DEBUG_INFO = NO;
				SDKROOT = macosx;
				SWIFT_OPTIMIZATION_LEVEL = "-Owholemodule";
			};
			name = Release;
		};
		11EFD8521F25D43700A225DD /* Debug */ = {
			isa = XCBuildConfiguration;
			buildSettings = {
				ASSETCATALOG_COMPILER_APPICON_NAME = AppIcon;
				CODE_SIGN_ENTITLEMENTS = EjectBar/EjectBar.entitlements;
				CODE_SIGN_IDENTITY = "Apple Development";
				CODE_SIGN_STYLE = Automatic;
				COMBINE_HIDPI_IMAGES = YES;
				CURRENT_PROJECT_VERSION = 13;
				DEVELOPMENT_TEAM = RMJV5R42F5;
				ENABLE_HARDENED_RUNTIME = YES;
				INFOPLIST_FILE = EjectBar/Info.plist;
				INFOPLIST_KEY_CFBundleDisplayName = EjectBar;
				INFOPLIST_KEY_LSApplicationCategoryType = "public.app-category.developer-tools";
				LD_RUNPATH_SEARCH_PATHS = "$(inherited) @executable_path/../Frameworks";
				MACOSX_DEPLOYMENT_TARGET = "$(RECOMMENDED_MACOSX_DEPLOYMENT_TARGET)";
				MARKETING_VERSION = 1.3;
				PRODUCT_BUNDLE_IDENTIFIER = com.bradleybernard.EjectBar;
				PRODUCT_NAME = "$(TARGET_NAME)";
				PROVISIONING_PROFILE = "";
				PROVISIONING_PROFILE_SPECIFIER = "";
				SWIFT_VERSION = 5.0;
			};
			name = Debug;
		};
		11EFD8531F25D43700A225DD /* Release */ = {
			isa = XCBuildConfiguration;
			buildSettings = {
				ASSETCATALOG_COMPILER_APPICON_NAME = AppIcon;
				CODE_SIGN_ENTITLEMENTS = EjectBar/EjectBar.entitlements;
				CODE_SIGN_IDENTITY = "Apple Development";
				CODE_SIGN_STYLE = Automatic;
				COMBINE_HIDPI_IMAGES = YES;
				CURRENT_PROJECT_VERSION = 13;
				DEVELOPMENT_TEAM = RMJV5R42F5;
				ENABLE_HARDENED_RUNTIME = YES;
				INFOPLIST_FILE = EjectBar/Info.plist;
				INFOPLIST_KEY_CFBundleDisplayName = EjectBar;
				INFOPLIST_KEY_LSApplicationCategoryType = "public.app-category.developer-tools";
				LD_RUNPATH_SEARCH_PATHS = "$(inherited) @executable_path/../Frameworks";
				MACOSX_DEPLOYMENT_TARGET = "$(RECOMMENDED_MACOSX_DEPLOYMENT_TARGET)";
				MARKETING_VERSION = 1.3;
				PRODUCT_BUNDLE_IDENTIFIER = com.bradleybernard.EjectBar;
				PRODUCT_NAME = "$(TARGET_NAME)";
				PROVISIONING_PROFILE = "";
				PROVISIONING_PROFILE_SPECIFIER = "";
				SWIFT_VERSION = 5.0;
			};
			name = Release;
		};
/* End XCBuildConfiguration section */

/* Begin XCConfigurationList section */
		11EFD83D1F25D43600A225DD /* Build configuration list for PBXProject "EjectBar" */ = {
			isa = XCConfigurationList;
			buildConfigurations = (
				11EFD84F1F25D43700A225DD /* Debug */,
				11EFD8501F25D43700A225DD /* Release */,
			);
			defaultConfigurationIsVisible = 0;
			defaultConfigurationName = Release;
		};
		11EFD8511F25D43700A225DD /* Build configuration list for PBXNativeTarget "EjectBar" */ = {
			isa = XCConfigurationList;
			buildConfigurations = (
				11EFD8521F25D43700A225DD /* Debug */,
				11EFD8531F25D43700A225DD /* Release */,
			);
			defaultConfigurationIsVisible = 0;
			defaultConfigurationName = Release;
		};
/* End XCConfigurationList section */
	};
	rootObject = 11EFD83A1F25D43600A225DD /* Project object */;
}
