// !$*UTF8*$!
{
	archiveVersion = 1;
	classes = {
	};
	objectVersion = 46;
	objects = {

/* Begin PBXBuildFile section */
		11EFD8461F25D43700A225DD /* AppDelegate.swift in Sources */ = {isa = PBXBuildFile; fileRef = 11EFD8451F25D43700A225DD /* AppDelegate.swift */; };
		11EFD84A1F25D43700A225DD /* Assets.xcassets in Resources */ = {isa = PBXBuildFile; fileRef = 11EFD8491F25D43700A225DD /* Assets.xcassets */; };
		11EFD84D1F25D43700A225DD /* Main.storyboard in Resources */ = {isa = PBXBuildFile; fileRef = 11EFD84B1F25D43700A225DD /* Main.storyboard */; };
		11EFD8551F25D5CD00A225DD /* HomeVC.swift in Sources */ = {isa = PBXBuildFile; fileRef = 11EFD8541F25D5CD00A225DD /* HomeVC.swift */; };
		11EFD8571F25D69000A225DD /* WindowController.swift in Sources */ = {isa = PBXBuildFile; fileRef = 11EFD8561F25D69000A225DD /* WindowController.swift */; };
		11EFD8591F25D84000A225DD /* Volume.swift in Sources */ = {isa = PBXBuildFile; fileRef = 11EFD8581F25D84000A225DD /* Volume.swift */; };
/* End PBXBuildFile section */

/* Begin PBXFileReference section */
		11EFD8421F25D43700A225DD /* EjectBar.app */ = {isa = PBXFileReference; explicitFileType = wrapper.application; includeInIndex = 0; path = EjectBar.app; sourceTree = BUILT_PRODUCTS_DIR; };
		11EFD8451F25D43700A225DD /* AppDelegate.swift */ = {isa = PBXFileReference; lastKnownFileType = sourcecode.swift; path = AppDelegate.swift; sourceTree = "<group>"; };
		11EFD8491F25D43700A225DD /* Assets.xcassets */ = {isa = PBXFileReference; lastKnownFileType = folder.assetcatalog; path = Assets.xcassets; sourceTree = "<group>"; };
		11EFD84C1F25D43700A225DD /* Base */ = {isa = PBXFileReference; lastKnownFileType = file.storyboard; name = Base; path = Base.lproj/Main.storyboard; sourceTree = "<group>"; };
		11EFD84E1F25D43700A225DD /* Info.plist */ = {isa = PBXFileReference; lastKnownFileType = text.plist.xml; path = Info.plist; sourceTree = "<group>"; };
		11EFD8541F25D5CD00A225DD /* HomeVC.swift */ = {isa = PBXFileReference; fileEncoding = 4; lastKnownFileType = sourcecode.swift; path = HomeVC.swift; sourceTree = "<group>"; };
		11EFD8561F25D69000A225DD /* WindowController.swift */ = {isa = PBXFileReference; fileEncoding = 4; lastKnownFileType = sourcecode.swift; path = WindowController.swift; sourceTree = "<group>"; };
		11EFD8581F25D84000A225DD /* Volume.swift */ = {isa = PBXFileReference; fileEncoding = 4; lastKnownFileType = sourcecode.swift; path = Volume.swift; sourceTree = "<group>"; };
/* End PBXFileReference section */

/* Begin PBXFrameworksBuildPhase section */
		11EFD83F1F25D43700A225DD /* Frameworks */ = {
			isa = PBXFrameworksBuildPhase;
			buildActionMask = 2147483647;
			files = (
			);
			runOnlyForDeploymentPostprocessing = 0;
		};
/* End PBXFrameworksBuildPhase section */

/* Begin PBXGroup section */
		11EFD8391F25D43600A225DD = {
			isa = PBXGroup;
			children = (
				11EFD8441F25D43700A225DD /* EjectBar */,
				11EFD8431F25D43700A225DD /* Products */,
			);
			sourceTree = "<group>";
		};
		11EFD8431F25D43700A225DD /* Products */ = {
			isa = PBXGroup;
			children = (
				11EFD8421F25D43700A225DD /* EjectBar.app */,
			);
			name = Products;
			sourceTree = "<group>";
		};
		11EFD8441F25D43700A225DD /* EjectBar */ = {
			isa = PBXGroup;
			children = (
				11EFD8451F25D43700A225DD /* AppDelegate.swift */,
				11EFD8491F25D43700A225DD /* Assets.xcassets */,
				11EFD84B1F25D43700A225DD /* Main.storyboard */,
				11EFD8561F25D69000A225DD /* WindowController.swift */,
				11EFD84E1F25D43700A225DD /* Info.plist */,
				11EFD8541F25D5CD00A225DD /* HomeVC.swift */,
				11EFD8581F25D84000A225DD /* Volume.swift */,
			);
			path = EjectBar;
			sourceTree = "<group>";
		};
/* End PBXGroup section */

/* Begin PBXNativeTarget section */
		11EFD8411F25D43700A225DD /* EjectBar */ = {
			isa = PBXNativeTarget;
			buildConfigurationList = 11EFD8511F25D43700A225DD /* Build configuration list for PBXNativeTarget "EjectBar" */;
			buildPhases = (
				11EFD83E1F25D43700A225DD /* Sources */,
				11EFD83F1F25D43700A225DD /* Frameworks */,
				11EFD8401F25D43700A225DD /* Resources */,
			);
			buildRules = (
			);
			dependencies = (
			);
			name = EjectBar;
			productName = EjectBar;
			productReference = 11EFD8421F25D43700A225DD /* EjectBar.app */;
			productType = "com.apple.product-type.application";
		};
/* End PBXNativeTarget section */

/* Begin PBXProject section */
		11EFD83A1F25D43600A225DD /* Project object */ = {
			isa = PBXProject;
			attributes = {
				LastSwiftUpdateCheck = 0830;
				LastUpgradeCheck = 0830;
				ORGANIZATIONNAME = "Bradley Bernard";
				TargetAttributes = {
					11EFD8411F25D43700A225DD = {
						CreatedOnToolsVersion = 8.3.3;
						DevelopmentTeam = RMJV5R42F5;
						ProvisioningStyle = Automatic;
					};
				};
			};
			buildConfigurationList = 11EFD83D1F25D43600A225DD /* Build configuration list for PBXProject "EjectBar" */;
			compatibilityVersion = "Xcode 3.2";
			developmentRegion = English;
			hasScannedForEncodings = 0;
			knownRegions = (
				en,
				Base,
			);
			mainGroup = 11EFD8391F25D43600A225DD;
			productRefGroup = 11EFD8431F25D43700A225DD /* Products */;
			projectDirPath = "";
			projectRoot = "";
			targets = (
				11EFD8411F25D43700A225DD /* EjectBar */,
			);
		};
/* End PBXProject section */

/* Begin PBXResourcesBuildPhase section */
		11EFD8401F25D43700A225DD /* Resources */ = {
			isa = PBXResourcesBuildPhase;
			buildActionMask = 2147483647;
			files = (
				11EFD84A1F25D43700A225DD /* Assets.xcassets in Resources */,
				11EFD84D1F25D43700A225DD /* Main.storyboard in Resources */,
			);
			runOnlyForDeploymentPostprocessing = 0;
		};
/* End PBXResourcesBuildPhase section */

/* Begin PBXSourcesBuildPhase section */
		11EFD83E1F25D43700A225DD /* Sources */ = {
			isa = PBXSourcesBuildPhase;
			buildActionMask = 2147483647;
			files = (
				11EFD8461F25D43700A225DD /* AppDelegate.swift in Sources */,
				11EFD8571F25D69000A225DD /* WindowController.swift in Sources */,
				11EFD8551F25D5CD00A225DD /* HomeVC.swift in Sources */,
				11EFD8591F25D84000A225DD /* Volume.swift in Sources */,
			);
			runOnlyForDeploymentPostprocessing = 0;
		};
/* End PBXSourcesBuildPhase section */

/* Begin PBXVariantGroup section */
		11EFD84B1F25D43700A225DD /* Main.storyboard */ = {
			isa = PBXVariantGroup;
			children = (
				11EFD84C1F25D43700A225DD /* Base */,
			);
			name = Main.storyboard;
			sourceTree = "<group>";
		};
/* End PBXVariantGroup section */

/* Begin XCBuildConfiguration section */
		11EFD84F1F25D43700A225DD /* Debug */ = {
			isa = XCBuildConfiguration;
			buildSettings = {
				ALWAYS_SEARCH_USER_PATHS = NO;
				CLANG_ANALYZER_NONNULL = YES;
				CLANG_ANALYZER_NUMBER_OBJECT_CONVERSION = YES_AGGRESSIVE;
				CLANG_CXX_LANGUAGE_STANDARD = "gnu++0x";
				CLANG_CXX_LIBRARY = "libc++";
				CLANG_ENABLE_MODULES = YES;
				CLANG_ENABLE_OBJC_ARC = YES;
				CLANG_WARN_BOOL_CONVERSION = YES;
				CLANG_WARN_CONSTANT_CONVERSION = YES;
				CLANG_WARN_DIRECT_OBJC_ISA_USAGE = YES_ERROR;
				CLANG_WARN_DOCUMENTATION_COMMENTS = YES;
				CLANG_WARN_EMPTY_BODY = YES;
				CLANG_WARN_ENUM_CONVERSION = YES;
				CLANG_WARN_INFINITE_RECURSION = YES;
				CLANG_WARN_INT_CONVERSION = YES;
				CLANG_WARN_OBJC_ROOT_CLASS = YES_ERROR;
				CLANG_WARN_SUSPICIOUS_MOVE = YES;
				CLANG_WARN_UNREACHABLE_CODE = YES;
				CLANG_WARN__DUPLICATE_METHOD_MATCH = YES;
				CODE_SIGN_IDENTITY = "-";
				COPY_PHASE_STRIP = NO;
				DEBUG_INFORMATION_FORMAT = dwarf;
				ENABLE_STRICT_OBJC_MSGSEND = YES;
				ENABLE_TESTABILITY = YES;
				GCC_C_LANGUAGE_STANDARD = gnu99;
				GCC_DYNAMIC_NO_PIC = NO;
				GCC_NO_COMMON_BLOCKS = YES;
				GCC_OPTIMIZATION_LEVEL = 0;
				GCC_PREPROCESSOR_DEFINITIONS = (
					"DEBUG=1",
					"$(inherited)",
				);
				GCC_WARN_64_TO_32_BIT_CONVERSION = YES;
				GCC_WARN_ABOUT_RETURN_TYPE = YES_ERROR;
				GCC_WARN_UNDECLARED_SELECTOR = YES;
				GCC_WARN_UNINITIALIZED_AUTOS = YES_AGGRESSIVE;
				GCC_WARN_UNUSED_FUNCTION = YES;
				GCC_WARN_UNUSED_VARIABLE = YES;
				MACOSX_DEPLOYMENT_TARGET = 10.12;
				MTL_ENABLE_DEBUG_INFO = YES;
				ONLY_ACTIVE_ARCH = YES;
				SDKROOT = macosx;
				SWIFT_ACTIVE_COMPILATION_CONDITIONS = DEBUG;
				SWIFT_OPTIMIZATION_LEVEL = "-Onone";
			};
			name = Debug;
		};
		11EFD8501F25D43700A225DD /* Release */ = {
			isa = XCBuildConfiguration;
			buildSettings = {
				ALWAYS_SEARCH_USER_PATHS = NO;
				CLANG_ANALYZER_NONNULL = YES;
				CLANG_ANALYZER_NUMBER_OBJECT_CONVERSION = YES_AGGRESSIVE;
				CLANG_CXX_LANGUAGE_STANDARD = "gnu++0x";
				CLANG_CXX_LIBRARY = "libc++";
				CLANG_ENABLE_MODULES = YES;
				CLANG_ENABLE_OBJC_ARC = YES;
				CLANG_WARN_BOOL_CONVERSION = YES;
				CLANG_WARN_CONSTANT_CONVERSION = YES;
				CLANG_WARN_DIRECT_OBJC_ISA_USAGE = YES_ERROR;
				CLANG_WARN_DOCUMENTATION_COMMENTS = YES;
				CLANG_WARN_EMPTY_BODY = YES;
				CLANG_WARN_ENUM_CONVERSION = YES;
				CLANG_WARN_INFINITE_RECURSION = YES;
				CLANG_WARN_INT_CONVERSION = YES;
				CLANG_WARN_OBJC_ROOT_CLASS = YES_ERROR;
				CLANG_WARN_SUSPICIOUS_MOVE = YES;
				CLANG_WARN_UNREACHABLE_CODE = YES;
				CLANG_WARN__DUPLICATE_METHOD_MATCH = YES;
				CODE_SIGN_IDENTITY = "-";
				COPY_PHASE_STRIP = NO;
				DEBUG_INFORMATION_FORMAT = "dwarf-with-dsym";
				ENABLE_NS_ASSERTIONS = NO;
				ENABLE_STRICT_OBJC_MSGSEND = YES;
				GCC_C_LANGUAGE_STANDARD = gnu99;
				GCC_NO_COMMON_BLOCKS = YES;
				GCC_WARN_64_TO_32_BIT_CONVERSION = YES;
				GCC_WARN_ABOUT_RETURN_TYPE = YES_ERROR;
				GCC_WARN_UNDECLARED_SELECTOR = YES;
				GCC_WARN_UNINITIALIZED_AUTOS = YES_AGGRESSIVE;
				GCC_WARN_UNUSED_FUNCTION = YES;
				GCC_WARN_UNUSED_VARIABLE = YES;
				MACOSX_DEPLOYMENT_TARGET = 10.12;
				MTL_ENABLE_DEBUG_INFO = NO;
				SDKROOT = macosx;
				SWIFT_OPTIMIZATION_LEVEL = "-Owholemodule";
			};
			name = Release;
		};
		11EFD8521F25D43700A225DD /* Debug */ = {
			isa = XCBuildConfiguration;
			buildSettings = {
				ASSETCATALOG_COMPILER_APPICON_NAME = AppIcon;
				CODE_SIGN_IDENTITY = "Mac Developer";
				COMBINE_HIDPI_IMAGES = YES;
				DEVELOPMENT_TEAM = RMJV5R42F5;
				INFOPLIST_FILE = EjectBar/Info.plist;
				LD_RUNPATH_SEARCH_PATHS = "$(inherited) @executable_path/../Frameworks";
				PRODUCT_BUNDLE_IDENTIFIER = com.bradleybernard.EjectBar;
				PRODUCT_NAME = "$(TARGET_NAME)";
				PROVISIONING_PROFILE_SPECIFIER = "";
				SWIFT_VERSION = 3.0;
			};
			name = Debug;
		};
		11EFD8531F25D43700A225DD /* Release */ = {
			isa = XCBuildConfiguration;
			buildSettings = {
				ASSETCATALOG_COMPILER_APPICON_NAME = AppIcon;
				CODE_SIGN_IDENTITY = "Mac Developer";
				COMBINE_HIDPI_IMAGES = YES;
				DEVELOPMENT_TEAM = RMJV5R42F5;
				INFOPLIST_FILE = EjectBar/Info.plist;
				LD_RUNPATH_SEARCH_PATHS = "$(inherited) @executable_path/../Frameworks";
				PRODUCT_BUNDLE_IDENTIFIER = com.bradleybernard.EjectBar;
				PRODUCT_NAME = "$(TARGET_NAME)";
				PROVISIONING_PROFILE_SPECIFIER = "";
				SWIFT_VERSION = 3.0;
			};
			name = Release;
		};
/* End XCBuildConfiguration section */

/* Begin XCConfigurationList section */
		11EFD83D1F25D43600A225DD /* Build configuration list for PBXProject "EjectBar" */ = {
			isa = XCConfigurationList;
			buildConfigurations = (
				11EFD84F1F25D43700A225DD /* Debug */,
				11EFD8501F25D43700A225DD /* Release */,
			);
			defaultConfigurationIsVisible = 0;
			defaultConfigurationName = Release;
		};
		11EFD8511F25D43700A225DD /* Build configuration list for PBXNativeTarget "EjectBar" */ = {
			isa = XCConfigurationList;
			buildConfigurations = (
				11EFD8521F25D43700A225DD /* Debug */,
				11EFD8531F25D43700A225DD /* Release */,
			);
			defaultConfigurationIsVisible = 0;
		};
/* End XCConfigurationList section */
	};
	rootObject = 11EFD83A1F25D43600A225DD /* Project object */;
}
